
Microsoft Visual Studio Solution File, Format Version 12.00
# Visual Studio 15
VisualStudioVersion = 15.0.28010.2003
MinimumVisualStudioVersion = 10.0.40219.1
Project("{FAE04EC0-301F-11D3-BF4B-00C04F79EFBC}") = "WpfApp1", "WpfApp1\WpfApp1.csproj", "{9BB8C08E-E935-45F9-AC37-DDFC19B7012B}"
EndProject
Global
	GlobalSection(SolutionConfigurationPlatforms) = preSolution
		Debug|Any CPU = Debug|Any CPU
		Release|Any CPU = Release|Any CPU
	EndGlobalSection
	GlobalSection(ProjectConfigurationPlatforms) = postSolution
		{9BB8C08E-E935-45F9-AC37-DDFC19B7012B}.Debug|Any CPU.ActiveCfg = Debug|Any CPU
		{9BB8C08E-E935-45F9-AC37-DDFC19B7012B}.Debug|Any CPU.Build.0 = Debug|Any CPU
		{9BB8C08E-E935-45F9-AC37-DDFC19B7012B}.Release|Any CPU.ActiveCfg = Release|Any CPU
		{9BB8C08E-E935-45F9-AC37-DDFC19B7012B}.Release|Any CPU.Build.0 = Release|Any CPU
	EndGlobalSection
	GlobalSection(SolutionProperties) = preSolution
		HideSolutionNode = FALSE
	EndGlobalSection
	GlobalSection(ExtensibilityGlobals) = postSolution
		SolutionGuid = {F5A320A2-8F73-4BD2-BFC1-06380F77E16C}
	EndGlobalSection
EndGlobal
